// !$*UTF8*$!
{
	archiveVersion = 1;
	classes = {
	};
	objectVersion = 50;
	objects = {

/* Begin PBXBuildFile section */
		902DDED020E3F54F00C8CE87 /* AppDelegate.swift in Sources */ = {isa = PBXBuildFile; fileRef = 902DDECF20E3F54F00C8CE87 /* AppDelegate.swift */; };
		902DDED220E3F54F00C8CE87 /* MainViewController.swift in Sources */ = {isa = PBXBuildFile; fileRef = 902DDED120E3F54F00C8CE87 /* MainViewController.swift */; };
		902DDED520E3F54F00C8CE87 /* LaunchScreen.storyboard in Resources */ = {isa = PBXBuildFile; fileRef = 902DDED320E3F54F00C8CE87 /* LaunchScreen.storyboard */; };
		902DDED720E3F55000C8CE87 /* Assets.xcassets in Resources */ = {isa = PBXBuildFile; fileRef = 902DDED620E3F55000C8CE87 /* Assets.xcassets */; };
		902DDEDA20E3F55000C8CE87 /* Main.storyboard in Resources */ = {isa = PBXBuildFile; fileRef = 902DDED820E3F55000C8CE87 /* Main.storyboard */; };
		902DDF5620E3FE5400C8CE87 /* ApplicationStore.swift in Sources */ = {isa = PBXBuildFile; fileRef = 902DDF5220E3FE5400C8CE87 /* ApplicationStore.swift */; };
		902DDF5720E3FE5400C8CE87 /* AccountState.swift in Sources */ = {isa = PBXBuildFile; fileRef = 902DDF5520E3FE5400C8CE87 /* AccountState.swift */; };
		902DDF6D20E3FF6400C8CE87 /* AccountActions.swift in Sources */ = {isa = PBXBuildFile; fileRef = 902DDF6C20E3FF6400C8CE87 /* AccountActions.swift */; };
		902DDF6F20E4018C00C8CE87 /* ApplicationState.swift in Sources */ = {isa = PBXBuildFile; fileRef = 902DDF6E20E4018C00C8CE87 /* ApplicationState.swift */; };
/* End PBXBuildFile section */

/* Begin PBXFileReference section */
		902DDECC20E3F54F00C8CE87 /* Demo.app */ = {isa = PBXFileReference; explicitFileType = wrapper.application; includeInIndex = 0; path = Demo.app; sourceTree = BUILT_PRODUCTS_DIR; };
		902DDECF20E3F54F00C8CE87 /* AppDelegate.swift */ = {isa = PBXFileReference; lastKnownFileType = sourcecode.swift; path = AppDelegate.swift; sourceTree = "<group>"; };
		902DDED120E3F54F00C8CE87 /* MainViewController.swift */ = {isa = PBXFileReference; lastKnownFileType = sourcecode.swift; path = MainViewController.swift; sourceTree = "<group>"; };
		902DDED420E3F54F00C8CE87 /* Base */ = {isa = PBXFileReference; lastKnownFileType = file.storyboard; name = Base; path = Base.lproj/LaunchScreen.storyboard; sourceTree = "<group>"; };
		902DDED620E3F55000C8CE87 /* Assets.xcassets */ = {isa = PBXFileReference; lastKnownFileType = folder.assetcatalog; path = Assets.xcassets; sourceTree = "<group>"; };
		902DDED920E3F55000C8CE87 /* Base */ = {isa = PBXFileReference; lastKnownFileType = file.storyboard; name = Base; path = Base.lproj/Main.storyboard; sourceTree = "<group>"; };
		902DDEDB20E3F55000C8CE87 /* Info.plist */ = {isa = PBXFileReference; lastKnownFileType = text.plist.xml; path = Info.plist; sourceTree = "<group>"; };
		902DDF4620E3FBD300C8CE87 /* Roundabout.framework */ = {isa = PBXFileReference; explicitFileType = wrapper.framework; path = Roundabout.framework; sourceTree = BUILT_PRODUCTS_DIR; };
		902DDF5220E3FE5400C8CE87 /* ApplicationStore.swift */ = {isa = PBXFileReference; fileEncoding = 4; lastKnownFileType = sourcecode.swift; path = ApplicationStore.swift; sourceTree = "<group>"; };
		902DDF5520E3FE5400C8CE87 /* AccountState.swift */ = {isa = PBXFileReference; fileEncoding = 4; lastKnownFileType = sourcecode.swift; path = AccountState.swift; sourceTree = "<group>"; };
		902DDF6C20E3FF6400C8CE87 /* AccountActions.swift */ = {isa = PBXFileReference; lastKnownFileType = sourcecode.swift; path = AccountActions.swift; sourceTree = "<group>"; };
		902DDF6E20E4018C00C8CE87 /* ApplicationState.swift */ = {isa = PBXFileReference; lastKnownFileType = sourcecode.swift; path = ApplicationState.swift; sourceTree = "<group>"; };
/* End PBXFileReference section */

/* Begin PBXFrameworksBuildPhase section */
		902DDEC920E3F54F00C8CE87 /* Frameworks */ = {
			isa = PBXFrameworksBuildPhase;
			buildActionMask = 2147483647;
			files = (
			);
			runOnlyForDeploymentPostprocessing = 0;
		};
/* End PBXFrameworksBuildPhase section */

/* Begin PBXGroup section */
		902DDEC320E3F54F00C8CE87 = {
			isa = PBXGroup;
			children = (
				902DDECE20E3F54F00C8CE87 /* Demo */,
				902DDECD20E3F54F00C8CE87 /* Products */,
				902DDF4520E3FBD300C8CE87 /* Frameworks */,
			);
			sourceTree = "<group>";
		};
		902DDECD20E3F54F00C8CE87 /* Products */ = {
			isa = PBXGroup;
			children = (
				902DDECC20E3F54F00C8CE87 /* Demo.app */,
			);
			name = Products;
			sourceTree = "<group>";
		};
		902DDECE20E3F54F00C8CE87 /* Demo */ = {
			isa = PBXGroup;
			children = (
				902DDF5120E3FE5400C8CE87 /* Redux */,
				902DDECF20E3F54F00C8CE87 /* AppDelegate.swift */,
				902DDED120E3F54F00C8CE87 /* MainViewController.swift */,
				902DDED820E3F55000C8CE87 /* Main.storyboard */,
				902DDED320E3F54F00C8CE87 /* LaunchScreen.storyboard */,
				902DDED620E3F55000C8CE87 /* Assets.xcassets */,
				902DDEDB20E3F55000C8CE87 /* Info.plist */,
			);
			path = Demo;
			sourceTree = "<group>";
		};
		902DDF4520E3FBD300C8CE87 /* Frameworks */ = {
			isa = PBXGroup;
			children = (
				902DDF4620E3FBD300C8CE87 /* Roundabout.framework */,
			);
			name = Frameworks;
			sourceTree = "<group>";
		};
		902DDF5120E3FE5400C8CE87 /* Redux */ = {
			isa = PBXGroup;
			children = (
				902DDF5320E3FE5400C8CE87 /* Models */,
				902DDF6E20E4018C00C8CE87 /* ApplicationState.swift */,
				902DDF5220E3FE5400C8CE87 /* ApplicationStore.swift */,
			);
			path = Redux;
			sourceTree = "<group>";
		};
		902DDF5320E3FE5400C8CE87 /* Models */ = {
			isa = PBXGroup;
			children = (
				902DDF5420E3FE5400C8CE87 /* Account */,
			);
			path = Models;
			sourceTree = "<group>";
		};
		902DDF5420E3FE5400C8CE87 /* Account */ = {
			isa = PBXGroup;
			children = (
				902DDF5520E3FE5400C8CE87 /* AccountState.swift */,
				902DDF6C20E3FF6400C8CE87 /* AccountActions.swift */,
			);
			path = Account;
			sourceTree = "<group>";
		};
/* End PBXGroup section */

/* Begin PBXNativeTarget section */
		902DDECB20E3F54F00C8CE87 /* Demo */ = {
			isa = PBXNativeTarget;
			buildConfigurationList = 902DDEDE20E3F55000C8CE87 /* Build configuration list for PBXNativeTarget "Demo" */;
			buildPhases = (
				902DDEC820E3F54F00C8CE87 /* Sources */,
				902DDEC920E3F54F00C8CE87 /* Frameworks */,
				902DDECA20E3F54F00C8CE87 /* Resources */,
			);
			buildRules = (
			);
			dependencies = (
			);
			name = Demo;
			productName = "Roundabout Example";
			productReference = 902DDECC20E3F54F00C8CE87 /* Demo.app */;
			productType = "com.apple.product-type.application";
		};
/* End PBXNativeTarget section */

/* Begin PBXProject section */
		902DDEC420E3F54F00C8CE87 /* Project object */ = {
			isa = PBXProject;
			attributes = {
				LastSwiftUpdateCheck = 0930;
				LastUpgradeCheck = 0930;
				ORGANIZATIONNAME = "Jaga Apple";
				TargetAttributes = {
					902DDECB20E3F54F00C8CE87 = {
						CreatedOnToolsVersion = 9.3;
					};
				};
			};
			buildConfigurationList = 902DDEC720E3F54F00C8CE87 /* Build configuration list for PBXProject "Demo" */;
			compatibilityVersion = "Xcode 9.3";
			developmentRegion = en;
			hasScannedForEncodings = 0;
			knownRegions = (
				Base,
			);
			mainGroup = 902DDEC320E3F54F00C8CE87;
			productRefGroup = 902DDECD20E3F54F00C8CE87 /* Products */;
			projectDirPath = "";
			projectRoot = "";
			targets = (
				902DDECB20E3F54F00C8CE87 /* Demo */,
			);
		};
/* End PBXProject section */

/* Begin PBXResourcesBuildPhase section */
		902DDECA20E3F54F00C8CE87 /* Resources */ = {
			isa = PBXResourcesBuildPhase;
			buildActionMask = 2147483647;
			files = (
				902DDEDA20E3F55000C8CE87 /* Main.storyboard in Resources */,
				902DDED720E3F55000C8CE87 /* Assets.xcassets in Resources */,
				902DDED520E3F54F00C8CE87 /* LaunchScreen.storyboard in Resources */,
			);
			runOnlyForDeploymentPostprocessing = 0;
		};
/* End PBXResourcesBuildPhase section */

/* Begin PBXSourcesBuildPhase section */
		902DDEC820E3F54F00C8CE87 /* Sources */ = {
			isa = PBXSourcesBuildPhase;
			buildActionMask = 2147483647;
			files = (
				902DDF6F20E4018C00C8CE87 /* ApplicationState.swift in Sources */,
				902DDED220E3F54F00C8CE87 /* MainViewController.swift in Sources */,
				902DDF5620E3FE5400C8CE87 /* ApplicationStore.swift in Sources */,
				902DDED020E3F54F00C8CE87 /* AppDelegate.swift in Sources */,
				902DDF5720E3FE5400C8CE87 /* AccountState.swift in Sources */,
				902DDF6D20E3FF6400C8CE87 /* AccountActions.swift in Sources */,
			);
			runOnlyForDeploymentPostprocessing = 0;
		};
/* End PBXSourcesBuildPhase section */

/* Begin PBXVariantGroup section */
		902DDED320E3F54F00C8CE87 /* LaunchScreen.storyboard */ = {
			isa = PBXVariantGroup;
			children = (
				902DDED420E3F54F00C8CE87 /* Base */,
			);
			name = LaunchScreen.storyboard;
			sourceTree = "<group>";
		};
		902DDED820E3F55000C8CE87 /* Main.storyboard */ = {
			isa = PBXVariantGroup;
			children = (
				902DDED920E3F55000C8CE87 /* Base */,
			);
			name = Main.storyboard;
			sourceTree = "<group>";
		};
/* End PBXVariantGroup section */

/* Begin XCBuildConfiguration section */
		902DDEDC20E3F55000C8CE87 /* Debug */ = {
			isa = XCBuildConfiguration;
			buildSettings = {
				ALWAYS_SEARCH_USER_PATHS = NO;
				CLANG_ANALYZER_NONNULL = YES;
				CLANG_ANALYZER_NUMBER_OBJECT_CONVERSION = YES_AGGRESSIVE;
				CLANG_CXX_LANGUAGE_STANDARD = "gnu++14";
				CLANG_CXX_LIBRARY = "libc++";
				CLANG_ENABLE_MODULES = YES;
				CLANG_ENABLE_OBJC_ARC = YES;
				CLANG_ENABLE_OBJC_WEAK = YES;
				CLANG_WARN_BLOCK_CAPTURE_AUTORELEASING = YES;
				CLANG_WARN_BOOL_CONVERSION = YES;
				CLANG_WARN_COMMA = YES;
				CLANG_WARN_CONSTANT_CONVERSION = YES;
				CLANG_WARN_DEPRECATED_OBJC_IMPLEMENTATIONS = YES;
				CLANG_WARN_DIRECT_OBJC_ISA_USAGE = YES_ERROR;
				CLANG_WARN_DOCUMENTATION_COMMENTS = YES;
				CLANG_WARN_EMPTY_BODY = YES;
				CLANG_WARN_ENUM_CONVERSION = YES;
				CLANG_WARN_INFINITE_RECURSION = YES;
				CLANG_WARN_INT_CONVERSION = YES;
				CLANG_WARN_NON_LITERAL_NULL_CONVERSION = YES;
				CLANG_WARN_OBJC_IMPLICIT_RETAIN_SELF = YES;
				CLANG_WARN_OBJC_LITERAL_CONVERSION = YES;
				CLANG_WARN_OBJC_ROOT_CLASS = YES_ERROR;
				CLANG_WARN_RANGE_LOOP_ANALYSIS = YES;
				CLANG_WARN_STRICT_PROTOTYPES = YES;
				CLANG_WARN_SUSPICIOUS_MOVE = YES;
				CLANG_WARN_UNGUARDED_AVAILABILITY = YES_AGGRESSIVE;
				CLANG_WARN_UNREACHABLE_CODE = YES;
				CLANG_WARN__DUPLICATE_METHOD_MATCH = YES;
				CODE_SIGN_IDENTITY = "iPhone Developer";
				COPY_PHASE_STRIP = NO;
				DEBUG_INFORMATION_FORMAT = dwarf;
				ENABLE_STRICT_OBJC_MSGSEND = YES;
				ENABLE_TESTABILITY = YES;
				GCC_C_LANGUAGE_STANDARD = gnu11;
				GCC_DYNAMIC_NO_PIC = NO;
				GCC_NO_COMMON_BLOCKS = YES;
				GCC_OPTIMIZATION_LEVEL = 0;
				GCC_PREPROCESSOR_DEFINITIONS = (
					"DEBUG=1",
					"$(inherited)",
				);
				GCC_WARN_64_TO_32_BIT_CONVERSION = YES;
				GCC_WARN_ABOUT_RETURN_TYPE = YES_ERROR;
				GCC_WARN_UNDECLARED_SELECTOR = YES;
				GCC_WARN_UNINITIALIZED_AUTOS = YES_AGGRESSIVE;
				GCC_WARN_UNUSED_FUNCTION = YES;
				GCC_WARN_UNUSED_VARIABLE = YES;
				IPHONEOS_DEPLOYMENT_TARGET = 11.3;
				MTL_ENABLE_DEBUG_INFO = YES;
				ONLY_ACTIVE_ARCH = YES;
				SDKROOT = iphoneos;
				SWIFT_ACTIVE_COMPILATION_CONDITIONS = DEBUG;
				SWIFT_OPTIMIZATION_LEVEL = "-Onone";
			};
			name = Debug;
		};
		902DDEDD20E3F55000C8CE87 /* Release */ = {
			isa = XCBuildConfiguration;
			buildSettings = {
				ALWAYS_SEARCH_USER_PATHS = NO;
				CLANG_ANALYZER_NONNULL = YES;
				CLANG_ANALYZER_NUMBER_OBJECT_CONVERSION = YES_AGGRESSIVE;
				CLANG_CXX_LANGUAGE_STANDARD = "gnu++14";
				CLANG_CXX_LIBRARY = "libc++";
				CLANG_ENABLE_MODULES = YES;
				CLANG_ENABLE_OBJC_ARC = YES;
				CLANG_ENABLE_OBJC_WEAK = YES;
				CLANG_WARN_BLOCK_CAPTURE_AUTORELEASING = YES;
				CLANG_WARN_BOOL_CONVERSION = YES;
				CLANG_WARN_COMMA = YES;
				CLANG_WARN_CONSTANT_CONVERSION = YES;
				CLANG_WARN_DEPRECATED_OBJC_IMPLEMENTATIONS = YES;
				CLANG_WARN_DIRECT_OBJC_ISA_USAGE = YES_ERROR;
				CLANG_WARN_DOCUMENTATION_COMMENTS = YES;
				CLANG_WARN_EMPTY_BODY = YES;
				CLANG_WARN_ENUM_CONVERSION = YES;
				CLANG_WARN_INFINITE_RECURSION = YES;
				CLANG_WARN_INT_CONVERSION = YES;
				CLANG_WARN_NON_LITERAL_NULL_CONVERSION = YES;
				CLANG_WARN_OBJC_IMPLICIT_RETAIN_SELF = YES;
				CLANG_WARN_OBJC_LITERAL_CONVERSION = YES;
				CLANG_WARN_OBJC_ROOT_CLASS = YES_ERROR;
				CLANG_WARN_RANGE_LOOP_ANALYSIS = YES;
				CLANG_WARN_STRICT_PROTOTYPES = YES;
				CLANG_WARN_SUSPICIOUS_MOVE = YES;
				CLANG_WARN_UNGUARDED_AVAILABILITY = YES_AGGRESSIVE;
				CLANG_WARN_UNREACHABLE_CODE = YES;
				CLANG_WARN__DUPLICATE_METHOD_MATCH = YES;
				CODE_SIGN_IDENTITY = "iPhone Developer";
				COPY_PHASE_STRIP = NO;
				DEBUG_INFORMATION_FORMAT = "dwarf-with-dsym";
				ENABLE_NS_ASSERTIONS = NO;
				ENABLE_STRICT_OBJC_MSGSEND = YES;
				GCC_C_LANGUAGE_STANDARD = gnu11;
				GCC_NO_COMMON_BLOCKS = YES;
				GCC_WARN_64_TO_32_BIT_CONVERSION = YES;
				GCC_WARN_ABOUT_RETURN_TYPE = YES_ERROR;
				GCC_WARN_UNDECLARED_SELECTOR = YES;
				GCC_WARN_UNINITIALIZED_AUTOS = YES_AGGRESSIVE;
				GCC_WARN_UNUSED_FUNCTION = YES;
				GCC_WARN_UNUSED_VARIABLE = YES;
				IPHONEOS_DEPLOYMENT_TARGET = 11.3;
				MTL_ENABLE_DEBUG_INFO = NO;
				SDKROOT = iphoneos;
				SWIFT_COMPILATION_MODE = wholemodule;
				SWIFT_OPTIMIZATION_LEVEL = "-O";
				VALIDATE_PRODUCT = YES;
			};
			name = Release;
		};
		902DDEDF20E3F55000C8CE87 /* Debug */ = {
			isa = XCBuildConfiguration;
			buildSettings = {
				CODE_SIGN_STYLE = Manual;
				DEVELOPMENT_TEAM = "";
				INFOPLIST_FILE = "$(SRCROOT)/Demo/Info.plist";
				LD_RUNPATH_SEARCH_PATHS = (
					"$(inherited)",
					"@executable_path/Frameworks",
				);
				PRODUCT_BUNDLE_IDENTIFIER = "com.jagaapple.Roundabout-Demo";
				PRODUCT_NAME = "$(TARGET_NAME)";
				PROVISIONING_PROFILE_SPECIFIER = "";
				SWIFT_VERSION = 4.0;
				TARGETED_DEVICE_FAMILY = "1,2";
			};
			name = Debug;
		};
		902DDEE020E3F55000C8CE87 /* Release */ = {
			isa = XCBuildConfiguration;
			buildSettings = {
				CODE_SIGN_STYLE = Manual;
				DEVELOPMENT_TEAM = "";
				INFOPLIST_FILE = "$(SRCROOT)/Demo/Info.plist";
				LD_RUNPATH_SEARCH_PATHS = (
					"$(inherited)",
					"@executable_path/Frameworks",
				);
				PRODUCT_BUNDLE_IDENTIFIER = "com.jagaapple.Roundabout-Demo";
				PRODUCT_NAME = "$(TARGET_NAME)";
				PROVISIONING_PROFILE_SPECIFIER = "";
				SWIFT_VERSION = 4.0;
				TARGETED_DEVICE_FAMILY = "1,2";
			};
			name = Release;
		};
/* End XCBuildConfiguration section */

/* Begin XCConfigurationList section */
		902DDEC720E3F54F00C8CE87 /* Build configuration list for PBXProject "Demo" */ = {
			isa = XCConfigurationList;
			buildConfigurations = (
				902DDEDC20E3F55000C8CE87 /* Debug */,
				902DDEDD20E3F55000C8CE87 /* Release */,
			);
			defaultConfigurationIsVisible = 0;
			defaultConfigurationName = Release;
		};
		902DDEDE20E3F55000C8CE87 /* Build configuration list for PBXNativeTarget "Demo" */ = {
			isa = XCConfigurationList;
			buildConfigurations = (
				902DDEDF20E3F55000C8CE87 /* Debug */,
				902DDEE020E3F55000C8CE87 /* Release */,
			);
			defaultConfigurationIsVisible = 0;
			defaultConfigurationName = Release;
		};
/* End XCConfigurationList section */
	};
	rootObject = 902DDEC420E3F54F00C8CE87 /* Project object */;
}
